
Microsoft Visual Studio Solution File, Format Version 12.00
# Visual Studio Version 17
VisualStudioVersion = 17.8.35326.199
MinimumVisualStudioVersion = 10.0.40219.1
Project("{FAE04EC0-301F-11D3-BF4B-00C04F79EFBC}") = "WpfMidiFileSelector", "WpfMidiFileSelector\WpfMidiFileSelector.csproj", "{B354BAC8-708E-4B5D-8AA1-4FECC65B77D0}"
EndProject
Global
	GlobalSection(SolutionConfigurationPlatforms) = preSolution
		Debug|Any CPU = Debug|Any CPU
		Release|Any CPU = Release|Any CPU
	EndGlobalSection
	GlobalSection(ProjectConfigurationPlatforms) = postSolution
		{B354BAC8-708E-4B5D-8AA1-4FECC65B77D0}.Debug|Any CPU.ActiveCfg = Debug|Any CPU
		{B354BAC8-708E-4B5D-8AA1-4FECC65B77D0}.Debug|Any CPU.Build.0 = Debug|Any CPU
		{B354BAC8-708E-4B5D-8AA1-4FECC65B77D0}.Release|Any CPU.ActiveCfg = Release|Any CPU
		{B354BAC8-708E-4B5D-8AA1-4FECC65B77D0}.Release|Any CPU.Build.0 = Release|Any CPU
	EndGlobalSection
	GlobalSection(SolutionProperties) = preSolution
		HideSolutionNode = FALSE
	EndGlobalSection
	GlobalSection(ExtensibilityGlobals) = postSolution
		SolutionGuid = {FB5C99CB-7030-4A69-86FC-C04A608A3383}
	EndGlobalSection
EndGlobal
